
Microsoft Visual Studio Solution File, Format Version 12.00
# Visual Studio Version 16
VisualStudioVersion = 16.0.31321.278
MinimumVisualStudioVersion = 10.0.40219.1
Project("{9A19103F-16F7-4668-BE54-9A1E7A4F7556}") = "DiWithoutContainer", "DiWithoutContainer\DiWithoutContainer.csproj", "{8121C9A4-2CC2-4DB5-AAF8-3043BE835540}"
EndProject
Project("{9A19103F-16F7-4668-BE54-9A1E7A4F7556}") = "DiWithoutContainerWithConstructorSetter", "DiWithoutContainerWithConstructorSetter\DiWithoutContainerWithConstructorSetter.csproj", "{15B6E48E-5A9C-4353-9EDA-25159157AFAD}"
EndProject
Project("{9A19103F-16F7-4668-BE54-9A1E7A4F7556}") = "WebAPIWithDotNetDI", "WebAPIWithDI\WebAPIWithDotNetDI.csproj", "{D6C289EC-06C6-411A-93A3-03C1CA67711C}"
EndProject
Project("{9A19103F-16F7-4668-BE54-9A1E7A4F7556}") = "WithoutDi", "WithoutDi\WithoutDi.csproj", "{E86A1E7F-B837-414F-B604-27311B11152D}"
EndProject
Project("{9A19103F-16F7-4668-BE54-9A1E7A4F7556}") = "WithoutDiWithSmellCode", "WithoutDiAbnormal\WithoutDiWithSmellCode.csproj", "{39CE2A29-9BD0-4DC8-BF99-1031AE7584DC}"
EndProject
Project("{9A19103F-16F7-4668-BE54-9A1E7A4F7556}") = "WebApiWithAutofacDI", "WebApiWithAutofacDI\WebApiWithAutofacDI.csproj", "{E386B274-43E3-4AE3-9D05-495852445479}"
EndProject
Global
	GlobalSection(SolutionConfigurationPlatforms) = preSolution
		Debug|Any CPU = Debug|Any CPU
		Release|Any CPU = Release|Any CPU
	EndGlobalSection
	GlobalSection(ProjectConfigurationPlatforms) = postSolution
		{8121C9A4-2CC2-4DB5-AAF8-3043BE835540}.Debug|Any CPU.ActiveCfg = Debug|Any CPU
		{8121C9A4-2CC2-4DB5-AAF8-3043BE835540}.Debug|Any CPU.Build.0 = Debug|Any CPU
		{8121C9A4-2CC2-4DB5-AAF8-3043BE835540}.Release|Any CPU.ActiveCfg = Release|Any CPU
		{8121C9A4-2CC2-4DB5-AAF8-3043BE835540}.Release|Any CPU.Build.0 = Release|Any CPU
		{15B6E48E-5A9C-4353-9EDA-25159157AFAD}.Debug|Any CPU.ActiveCfg = Debug|Any CPU
		{15B6E48E-5A9C-4353-9EDA-25159157AFAD}.Debug|Any CPU.Build.0 = Debug|Any CPU
		{15B6E48E-5A9C-4353-9EDA-25159157AFAD}.Release|Any CPU.ActiveCfg = Release|Any CPU
		{15B6E48E-5A9C-4353-9EDA-25159157AFAD}.Release|Any CPU.Build.0 = Release|Any CPU
		{D6C289EC-06C6-411A-93A3-03C1CA67711C}.Debug|Any CPU.ActiveCfg = Debug|Any CPU
		{D6C289EC-06C6-411A-93A3-03C1CA67711C}.Debug|Any CPU.Build.0 = Debug|Any CPU
		{D6C289EC-06C6-411A-93A3-03C1CA67711C}.Release|Any CPU.ActiveCfg = Release|Any CPU
		{D6C289EC-06C6-411A-93A3-03C1CA67711C}.Release|Any CPU.Build.0 = Release|Any CPU
		{E86A1E7F-B837-414F-B604-27311B11152D}.Debug|Any CPU.ActiveCfg = Debug|Any CPU
		{E86A1E7F-B837-414F-B604-27311B11152D}.Debug|Any CPU.Build.0 = Debug|Any CPU
		{E86A1E7F-B837-414F-B604-27311B11152D}.Release|Any CPU.ActiveCfg = Release|Any CPU
		{E86A1E7F-B837-414F-B604-27311B11152D}.Release|Any CPU.Build.0 = Release|Any CPU
		{39CE2A29-9BD0-4DC8-BF99-1031AE7584DC}.Debug|Any CPU.ActiveCfg = Debug|Any CPU
		{39CE2A29-9BD0-4DC8-BF99-1031AE7584DC}.Debug|Any CPU.Build.0 = Debug|Any CPU
		{39CE2A29-9BD0-4DC8-BF99-1031AE7584DC}.Release|Any CPU.ActiveCfg = Release|Any CPU
		{39CE2A29-9BD0-4DC8-BF99-1031AE7584DC}.Release|Any CPU.Build.0 = Release|Any CPU
		{E386B274-43E3-4AE3-9D05-495852445479}.Debug|Any CPU.ActiveCfg = Debug|Any CPU
		{E386B274-43E3-4AE3-9D05-495852445479}.Debug|Any CPU.Build.0 = Debug|Any CPU
		{E386B274-43E3-4AE3-9D05-495852445479}.Release|Any CPU.ActiveCfg = Release|Any CPU
		{E386B274-43E3-4AE3-9D05-495852445479}.Release|Any CPU.Build.0 = Release|Any CPU
	EndGlobalSection
	GlobalSection(SolutionProperties) = preSolution
		HideSolutionNode = FALSE
	EndGlobalSection
	GlobalSection(ExtensibilityGlobals) = postSolution
		SolutionGuid = {E55EF399-C746-4775-A5C2-02D1EC9757A3}
	EndGlobalSection
EndGlobal
